---

- name: alarm clock
  when:
    - mpd_alarm_clock.enable is defined
    - mpd_alarm_clock.enable
  block:
    - name: copy alarm clock scripts
      ansible.builtin.template:
        src: "{{ item }}.j2"
        dest: "/usr/local/bin/{{ item }}"
        owner: '{{ mpd_user }}'
        mode: 0755
      loop:
        - mpd-start.sh
        - mpd-stop.sh

    - name: ensure cron daemon is installed
      ansible.builtin.package:
        name: "{{ mpd_used_cron_daemon }}"
        state: present

    - name: create cron job to start playing music
      ansible.builtin.cron:
        name: start the radio as an alarm clock
        job: /usr/local/bin/mpd-start.sh
        minute: "{{ mpd_alarm_clock.cron_start.minute | default('0') }}"
        hour: "{{ mpd_alarm_clock.cron_start.hour | default('6') }}"
        weekday: "{{ mpd_alarm_clock.cron_start.weekday | default('1-5') }}"
        user: root
        cron_file: mpd-as-alarm
        state: present
      when:
        - mpd_alarm_clock.cron_start is defined
        - mpd_alarm_clock.cron_start.enable is defined
        - mpd_alarm_clock.cron_start.enable

    - name: create cron job to stop playing music
      ansible.builtin.cron:
        name: stop the radio as an alarm clock
        job: /usr/local/bin/mpd-stop.sh
        minute: "{{ mpd_alarm_clock.cron_stop.minute | default('0') }}"
        hour: "{{ mpd_alarm_clock.cron_stop.hour | default('6') }}"
        weekday: "{{ mpd_alarm_clock.cron_stop.weekday | default('1-5') }}"
        user: root
        cron_file: mpd-as-alarm
        state: present
      when:
        - mpd_alarm_clock.cron_stop is defined
        - mpd_alarm_clock.cron_stop.enable is defined
        - mpd_alarm_clock.cron_stop.enable

...
